
Microsoft Visual Studio Solution File, Format Version 12.00
# Visual Studio Version 16
VisualStudioVersion = 16.0.29102.190
MinimumVisualStudioVersion = 10.0.40219.1
Project("{FAE04EC0-301F-11D3-BF4B-00C04F79EFBC}") = "UnitTestProject", "UnitTestProject\UnitTestProject.csproj", "{BC5514E4-215A-4AEB-8B33-87289F856394}"
EndProject
Project("{FAE04EC0-301F-11D3-BF4B-00C04F79EFBC}") = "FluentNHibernateApp", "FluentNHibernateApp\FluentNHibernateApp.csproj", "{EBFA6A7A-0B97-4626-AF37-CC08EE69D107}"
EndProject
Global
	GlobalSection(SolutionConfigurationPlatforms) = preSolution
		Debug|Any CPU = Debug|Any CPU
		Release|Any CPU = Release|Any CPU
	EndGlobalSection
	GlobalSection(ProjectConfigurationPlatforms) = postSolution
		{BC5514E4-215A-4AEB-8B33-87289F856394}.Debug|Any CPU.ActiveCfg = Debug|Any CPU
		{BC5514E4-215A-4AEB-8B33-87289F856394}.Debug|Any CPU.Build.0 = Debug|Any CPU
		{BC5514E4-215A-4AEB-8B33-87289F856394}.Release|Any CPU.ActiveCfg = Release|Any CPU
		{BC5514E4-215A-4AEB-8B33-87289F856394}.Release|Any CPU.Build.0 = Release|Any CPU
		{EBFA6A7A-0B97-4626-AF37-CC08EE69D107}.Debug|Any CPU.ActiveCfg = Debug|Any CPU
		{EBFA6A7A-0B97-4626-AF37-CC08EE69D107}.Debug|Any CPU.Build.0 = Debug|Any CPU
		{EBFA6A7A-0B97-4626-AF37-CC08EE69D107}.Release|Any CPU.ActiveCfg = Release|Any CPU
		{EBFA6A7A-0B97-4626-AF37-CC08EE69D107}.Release|Any CPU.Build.0 = Release|Any CPU
	EndGlobalSection
	GlobalSection(SolutionProperties) = preSolution
		HideSolutionNode = FALSE
	EndGlobalSection
	GlobalSection(ExtensibilityGlobals) = postSolution
		SolutionGuid = {1A46486F-2D13-4BCA-95C9-ABFC504B620D}
	EndGlobalSection
EndGlobal
